
Microsoft Visual Studio Solution File, Format Version 12.00
# Visual Studio 2013
VisualStudioVersion = 12.0.21005.1
MinimumVisualStudioVersion = 10.0.40219.1
Project("{FAE04EC0-301F-11D3-BF4B-00C04F79EFBC}") = "OxideIde", "OxideIde\OxideIde.csproj", "{7FF1DEC1-23F8-486A-B12E-A3003DDE91E8}"
EndProject
Project("{FAE04EC0-301F-11D3-BF4B-00C04F79EFBC}") = "OxideEmulation", "OxideEmulation\OxideEmulation.csproj", "{09730D5D-EE09-4B87-8CD5-E662A2A106A9}"
EndProject
Global
	GlobalSection(SolutionConfigurationPlatforms) = preSolution
		Debug|x86 = Debug|x86
		Release|x86 = Release|x86
	EndGlobalSection
	GlobalSection(ProjectConfigurationPlatforms) = postSolution
		{7FF1DEC1-23F8-486A-B12E-A3003DDE91E8}.Debug|x86.ActiveCfg = Debug|x86
		{7FF1DEC1-23F8-486A-B12E-A3003DDE91E8}.Debug|x86.Build.0 = Debug|x86
		{7FF1DEC1-23F8-486A-B12E-A3003DDE91E8}.Release|x86.ActiveCfg = Release|x86
		{7FF1DEC1-23F8-486A-B12E-A3003DDE91E8}.Release|x86.Build.0 = Release|x86
		{09730D5D-EE09-4B87-8CD5-E662A2A106A9}.Debug|x86.ActiveCfg = Debug|x86
		{09730D5D-EE09-4B87-8CD5-E662A2A106A9}.Debug|x86.Build.0 = Debug|x86
		{09730D5D-EE09-4B87-8CD5-E662A2A106A9}.Release|x86.ActiveCfg = Release|x86
		{09730D5D-EE09-4B87-8CD5-E662A2A106A9}.Release|x86.Build.0 = Release|x86
	EndGlobalSection
	GlobalSection(SolutionProperties) = preSolution
		HideSolutionNode = FALSE
	EndGlobalSection
EndGlobal
